
Microsoft Visual Studio Solution File, Format Version 12.00
# Visual Studio Version 17
VisualStudioVersion = 17.0.31903.59
MinimumVisualStudioVersion = 10.0.40219.1
Project("{FAE04EC0-301F-11D3-BF4B-00C04F79EFBC}") = "Wallet.Api", "Wallet.Api\Wallet.Api.csproj", "{92F0FA4D-552E-45CA-A1BC-EC07668E27A3}"
EndProject
Project("{FAE04EC0-301F-11D3-BF4B-00C04F79EFBC}") = "Wallet.Tests", "Wallet.Tests\Wallet.Tests.csproj", "{558189EE-8C52-43B0-88A7-202A3177B243}"
EndProject
Global
	GlobalSection(SolutionConfigurationPlatforms) = preSolution
		Debug|Any CPU = Debug|Any CPU
		Release|Any CPU = Release|Any CPU
	EndGlobalSection
	GlobalSection(SolutionProperties) = preSolution
		HideSolutionNode = FALSE
	EndGlobalSection
	GlobalSection(ProjectConfigurationPlatforms) = postSolution
		{92F0FA4D-552E-45CA-A1BC-EC07668E27A3}.Debug|Any CPU.ActiveCfg = Debug|Any CPU
		{92F0FA4D-552E-45CA-A1BC-EC07668E27A3}.Debug|Any CPU.Build.0 = Debug|Any CPU
		{92F0FA4D-552E-45CA-A1BC-EC07668E27A3}.Release|Any CPU.ActiveCfg = Release|Any CPU
		{92F0FA4D-552E-45CA-A1BC-EC07668E27A3}.Release|Any CPU.Build.0 = Release|Any CPU
		{558189EE-8C52-43B0-88A7-202A3177B243}.Debug|Any CPU.ActiveCfg = Debug|Any CPU
		{558189EE-8C52-43B0-88A7-202A3177B243}.Debug|Any CPU.Build.0 = Debug|Any CPU
		{558189EE-8C52-43B0-88A7-202A3177B243}.Release|Any CPU.ActiveCfg = Release|Any CPU
		{558189EE-8C52-43B0-88A7-202A3177B243}.Release|Any CPU.Build.0 = Release|Any CPU
	EndGlobalSection
EndGlobal
